
Microsoft Visual Studio Solution File, Format Version 12.00
# Visual Studio Version 17
VisualStudioVersion = 17.14.36119.2 d17.14
MinimumVisualStudioVersion = 10.0.40219.1
Project("{FAE04EC0-301F-11D3-BF4B-00C04F79EFBC}") = "SGA_Api", "SGA_Api\SGA_Api.csproj", "{FDE26826-5D50-473F-9621-3F3F686901D4}"
EndProject
Global
	GlobalSection(SolutionConfigurationPlatforms) = preSolution
		Debug|Any CPU = Debug|Any CPU
		Release|Any CPU = Release|Any CPU
	EndGlobalSection
	GlobalSection(ProjectConfigurationPlatforms) = postSolution
		{FDE26826-5D50-473F-9621-3F3F686901D4}.Debug|Any CPU.ActiveCfg = Debug|Any CPU
		{FDE26826-5D50-473F-9621-3F3F686901D4}.Debug|Any CPU.Build.0 = Debug|Any CPU
		{FDE26826-5D50-473F-9621-3F3F686901D4}.Release|Any CPU.ActiveCfg = Release|Any CPU
		{FDE26826-5D50-473F-9621-3F3F686901D4}.Release|Any CPU.Build.0 = Release|Any CPU
	EndGlobalSection
	GlobalSection(SolutionProperties) = preSolution
		HideSolutionNode = FALSE
	EndGlobalSection
	GlobalSection(ExtensibilityGlobals) = postSolution
		SolutionGuid = {ACDF483E-D4A4-4913-A82A-0F1094969ACF}
	EndGlobalSection
EndGlobal
