
Microsoft Visual Studio Solution File, Format Version 12.00
# Visual Studio Version 17
VisualStudioVersion = 17.10.34928.147
MinimumVisualStudioVersion = 10.0.40219.1
Project("{FAE04EC0-301F-11D3-BF4B-00C04F79EFBC}") = "SGA_Desktop", "SGA_Desktop\SGA_Desktop.csproj", "{9A485812-6115-4B8A-910E-88FE4144FD30}"
EndProject
Global
	GlobalSection(SolutionConfigurationPlatforms) = preSolution
		Debug|Any CPU = Debug|Any CPU
		Release|Any CPU = Release|Any CPU
	EndGlobalSection
	GlobalSection(ProjectConfigurationPlatforms) = postSolution
		{9A485812-6115-4B8A-910E-88FE4144FD30}.Debug|Any CPU.ActiveCfg = Debug|Any CPU
		{9A485812-6115-4B8A-910E-88FE4144FD30}.Debug|Any CPU.Build.0 = Debug|Any CPU
		{9A485812-6115-4B8A-910E-88FE4144FD30}.Release|Any CPU.ActiveCfg = Release|Any CPU
		{9A485812-6115-4B8A-910E-88FE4144FD30}.Release|Any CPU.Build.0 = Release|Any CPU
	EndGlobalSection
	GlobalSection(SolutionProperties) = preSolution
		HideSolutionNode = FALSE
	EndGlobalSection
	GlobalSection(ExtensibilityGlobals) = postSolution
		SolutionGuid = {30BB359B-F1A1-4F7A-8A54-65B302596448}
	EndGlobalSection
EndGlobal
